
Microsoft Visual Studio Solution File, Format Version 12.00
# Visual Studio Version 17
VisualStudioVersion = 17.5.33516.290
MinimumVisualStudioVersion = 10.0.40219.1
Project("{8BC9CEB8-8B4A-11D0-8D11-00A0C91BC942}") = "luoguday20", "luoguday20\luoguday20.vcxproj", "{774BADE8-76D0-4189-9C0A-44E03A284EBE}"
EndProject
Global
	GlobalSection(SolutionConfigurationPlatforms) = preSolution
		Debug|x64 = Debug|x64
		Debug|x86 = Debug|x86
		Release|x64 = Release|x64
		Release|x86 = Release|x86
	EndGlobalSection
	GlobalSection(ProjectConfigurationPlatforms) = postSolution
		{774BADE8-76D0-4189-9C0A-44E03A284EBE}.Debug|x64.ActiveCfg = Debug|x64
		{774BADE8-76D0-4189-9C0A-44E03A284EBE}.Debug|x64.Build.0 = Debug|x64
		{774BADE8-76D0-4189-9C0A-44E03A284EBE}.Debug|x86.ActiveCfg = Debug|Win32
		{774BADE8-76D0-4189-9C0A-44E03A284EBE}.Debug|x86.Build.0 = Debug|Win32
		{774BADE8-76D0-4189-9C0A-44E03A284EBE}.Release|x64.ActiveCfg = Release|x64
		{774BADE8-76D0-4189-9C0A-44E03A284EBE}.Release|x64.Build.0 = Release|x64
		{774BADE8-76D0-4189-9C0A-44E03A284EBE}.Release|x86.ActiveCfg = Release|Win32
		{774BADE8-76D0-4189-9C0A-44E03A284EBE}.Release|x86.Build.0 = Release|Win32
	EndGlobalSection
	GlobalSection(SolutionProperties) = preSolution
		HideSolutionNode = FALSE
	EndGlobalSection
	GlobalSection(ExtensibilityGlobals) = postSolution
		SolutionGuid = {9605AA2D-3975-45D0-9807-A961369BB73F}
	EndGlobalSection
EndGlobal
